
Microsoft Visual Studio Solution File, Format Version 12.00
# Visual Studio Version 17
VisualStudioVersion = 17.0.31903.59
MinimumVisualStudioVersion = 10.0.40219.1
Project("{2150E333-8FDC-42A3-9474-1A3956D46DE8}") = "src", "src", "{827E0CD3-B72D-47B6-A68D-7590B98EB39B}"
EndProject
Project("{FAE04EC0-301F-11D3-BF4B-00C04F79EFBC}") = "MiniGrocery.Web", "src\MiniGrocery.Web\MiniGrocery.Web.csproj", "{947907CD-2F51-447C-8F2F-88AA9C4D01EA}"
EndProject
Global
	GlobalSection(SolutionConfigurationPlatforms) = preSolution
		Debug|Any CPU = Debug|Any CPU
		Debug|x64 = Debug|x64
		Debug|x86 = Debug|x86
		Release|Any CPU = Release|Any CPU
		Release|x64 = Release|x64
		Release|x86 = Release|x86
	EndGlobalSection
	GlobalSection(ProjectConfigurationPlatforms) = postSolution
		{947907CD-2F51-447C-8F2F-88AA9C4D01EA}.Debug|Any CPU.ActiveCfg = Debug|Any CPU
		{947907CD-2F51-447C-8F2F-88AA9C4D01EA}.Debug|Any CPU.Build.0 = Debug|Any CPU
		{947907CD-2F51-447C-8F2F-88AA9C4D01EA}.Debug|x64.ActiveCfg = Debug|Any CPU
		{947907CD-2F51-447C-8F2F-88AA9C4D01EA}.Debug|x64.Build.0 = Debug|Any CPU
		{947907CD-2F51-447C-8F2F-88AA9C4D01EA}.Debug|x86.ActiveCfg = Debug|Any CPU
		{947907CD-2F51-447C-8F2F-88AA9C4D01EA}.Debug|x86.Build.0 = Debug|Any CPU
		{947907CD-2F51-447C-8F2F-88AA9C4D01EA}.Release|Any CPU.ActiveCfg = Release|Any CPU
		{947907CD-2F51-447C-8F2F-88AA9C4D01EA}.Release|Any CPU.Build.0 = Release|Any CPU
		{947907CD-2F51-447C-8F2F-88AA9C4D01EA}.Release|x64.ActiveCfg = Release|Any CPU
		{947907CD-2F51-447C-8F2F-88AA9C4D01EA}.Release|x64.Build.0 = Release|Any CPU
		{947907CD-2F51-447C-8F2F-88AA9C4D01EA}.Release|x86.ActiveCfg = Release|Any CPU
		{947907CD-2F51-447C-8F2F-88AA9C4D01EA}.Release|x86.Build.0 = Release|Any CPU
	EndGlobalSection
	GlobalSection(SolutionProperties) = preSolution
		HideSolutionNode = FALSE
	EndGlobalSection
	GlobalSection(NestedProjects) = preSolution
		{947907CD-2F51-447C-8F2F-88AA9C4D01EA} = {827E0CD3-B72D-47B6-A68D-7590B98EB39B}
	EndGlobalSection
	GlobalSection(ExtensibilityGlobals) = postSolution
		SolutionGuid = {C930BC8D-F7B2-492B-BE84-DE5677787291}
	EndGlobalSection
EndGlobal
